
Microsoft Visual Studio Solution File, Format Version 12.00
Project("{FAE04EC0-301F-11D3-BF4B-00C04F79EFBC}") = "OktaClient", "OktaClient\OktaClient.csproj", "{75B1191A-B67E-41C2-BD99-F0F66AD7232E}"
EndProject
Global
	GlobalSection(SolutionConfigurationPlatforms) = preSolution
		Debug|Any CPU = Debug|Any CPU
		Release|Any CPU = Release|Any CPU
	EndGlobalSection
	GlobalSection(ProjectConfigurationPlatforms) = postSolution
		{75B1191A-B67E-41C2-BD99-F0F66AD7232E}.Debug|Any CPU.ActiveCfg = Debug|Any CPU
		{75B1191A-B67E-41C2-BD99-F0F66AD7232E}.Debug|Any CPU.Build.0 = Debug|Any CPU
		{75B1191A-B67E-41C2-BD99-F0F66AD7232E}.Release|Any CPU.ActiveCfg = Release|Any CPU
		{75B1191A-B67E-41C2-BD99-F0F66AD7232E}.Release|Any CPU.Build.0 = Release|Any CPU
	EndGlobalSection
EndGlobal
